
Microsoft Visual Studio Solution File, Format Version 11.00
# Visual Studio 2010
# SharpDevelop 5.1
Project("{FAE04EC0-301F-11D3-BF4B-00C04F79EFBC}") = "motivate gil", "motivate gil\motivate gil.csproj", "{945BBEBF-9D06-4362-8DFC-1C247FE8A0F7}"
EndProject
Global
	GlobalSection(SolutionConfigurationPlatforms) = preSolution
		Debug|Any CPU = Debug|Any CPU
		Release|Any CPU = Release|Any CPU
	EndGlobalSection
	GlobalSection(ProjectConfigurationPlatforms) = postSolution
		{945BBEBF-9D06-4362-8DFC-1C247FE8A0F7}.Debug|Any CPU.ActiveCfg = Debug|Any CPU
		{945BBEBF-9D06-4362-8DFC-1C247FE8A0F7}.Debug|Any CPU.Build.0 = Debug|Any CPU
		{945BBEBF-9D06-4362-8DFC-1C247FE8A0F7}.Release|Any CPU.ActiveCfg = Release|Any CPU
		{945BBEBF-9D06-4362-8DFC-1C247FE8A0F7}.Release|Any CPU.Build.0 = Release|Any CPU
	EndGlobalSection
EndGlobal
